{
  "name": "importfinder",
  "version": "1.0.0",
  "lockfileVersion": 1,
  "requires": true,
  "dependencies": {
    "@babel/parser": {
      "version": "7.17.8",
      "resolved": "https://registry.npmjs.org/@babel/parser/-/parser-7.17.8.tgz",
      "integrity": "sha512-BoHhDJrJXqcg+ZL16Xv39H9n+AqJ4pcDrQBGZN+wHxIysrLZ3/ECwCBUch/1zUNhnsXULcONU3Ei5Hmkfk6kiQ=="
    },
    "@nodelib/fs.scandir": {
      "version": "2.1.5",
      "resolved": "https://registry.npmjs.org/@nodelib/fs.scandir/-/fs.scandir-2.1.5.tgz",
      "integrity": "sha512-vq24Bq3ym5HEQm2NKCr3yXDwjc7vTsEThRDnkp2DK9p1uqLR+DHurm/NOTo0KG7HYHU7eppKZj3MyqYuMBf62g==",
      "requires": {
        "@nodelib/fs.stat": "2.0.5",
        "run-parallel": "^1.1.9"
      }
    },
    "@nodelib/fs.stat": {
      "version": "2.0.5",
      "resolved": "https://registry.npmjs.org/@nodelib/fs.stat/-/fs.stat-2.0.5.tgz",
      "integrity": "sha512-RkhPPp2zrqDAQA/2jNhnztcPAlv64XdhIp7a7454A5ovI7Bukxgt7MX7udwAu3zg1DcpPU0rz3VV1SeaqvY4+A=="
    },
    "@nodelib/fs.walk": {
      "version": "1.2.8",
      "resolved": "https://registry.npmjs.org/@nodelib/fs.walk/-/fs.walk-1.2.8.tgz",
      "integrity": "sha512-oGB+UxlgWcgQkgwo8GcEGwemoTFt3FIO9ababBmaGwXIoBKZ+GTy0pP185beGg7Llih/NSHSV2XAs1lnznocSg==",
      "requires": {
        "@nodelib/fs.scandir": "2.1.5",
        "fastq": "^1.6.0"
      }
    },
    "@typescript-eslint/types": {
      "version": "5.15.0",
      "resolved": "https://registry.npmjs.org/@typescript-eslint/types/-/types-5.15.0.tgz",
      "integrity": "sha512-yEiTN4MDy23vvsIksrShjNwQl2vl6kJeG9YkVJXjXZnkJElzVK8nfPsWKYxcsGWG8GhurYXP4/KGj3aZAxbeOA=="
    },
    "@typescript-eslint/typescript-estree": {
      "version": "5.15.0",
      "resolved": "https://registry.npmjs.org/@typescript-eslint/typescript-estree/-/typescript-estree-5.15.0.tgz",
      "integrity": "sha512-Hb0e3dGc35b75xLzixM3cSbG1sSbrTBQDfIScqdyvrfJZVEi4XWAT+UL/HMxEdrJNB8Yk28SKxPLtAhfCbBInA==",
      "requires": {
        "@typescript-eslint/types": "5.15.0",
        "@typescript-eslint/visitor-keys": "5.15.0",
        "debug": "^4.3.2",
        "globby": "^11.0.4",
        "is-glob": "^4.0.3",
        "semver": "^7.3.5",
        "tsutils": "^3.21.0"
      }
    },
    "@typescript-eslint/visitor-keys": {
      "version": "5.15.0",
      "resolved": "https://registry.npmjs.org/@typescript-eslint/visitor-keys/-/visitor-keys-5.15.0.tgz",
      "integrity": "sha512-+vX5FKtgvyHbmIJdxMJ2jKm9z2BIlXJiuewI8dsDYMp5LzPUcuTT78Ya5iwvQg3VqSVdmxyM8Anj1Jeq7733ZQ==",
      "requires": {
        "@typescript-eslint/types": "5.15.0",
        "eslint-visitor-keys": "^3.0.0"
      }
    },
    "array-union": {
      "version": "2.1.0",
      "resolved": "https://registry.npmjs.org/array-union/-/array-union-2.1.0.tgz",
      "integrity": "sha512-HGyxoOTYUyCM6stUe6EJgnd4EoewAI7zMdfqO+kGjnlZmBDz/cR5pf8r/cR4Wq60sL/p0IkcjUEEPwS3GFrIyw=="
    },
    "ast-module-types": {
      "version": "3.0.0",
      "resolved": "https://registry.npmjs.org/ast-module-types/-/ast-module-types-3.0.0.tgz",
      "integrity": "sha512-CMxMCOCS+4D+DkOQfuZf+vLrSEmY/7xtORwdxs4wtcC1wVgvk2MqFFTwQCFhvWsI4KPU9lcWXPI8DgRiz+xetQ=="
    },
    "braces": {
      "version": "3.0.2",
      "resolved": "https://registry.npmjs.org/braces/-/braces-3.0.2.tgz",
      "integrity": "sha512-b8um+L1RzM3WDSzvhm6gIz1yfTbBt6YTlcEKAvsmqCZZFw46z626lVj9j1yEPW33H5H+lBQpZMP1k8l+78Ha0A==",
      "requires": {
        "fill-range": "^7.0.1"
      }
    },
    "color-name": {
      "version": "1.1.4",
      "resolved": "https://registry.npmjs.org/color-name/-/color-name-1.1.4.tgz",
      "integrity": "sha512-dOy+3AuW3a2wNbZHIuMZpTcgjGuLU/uBL/ubcZF9OXbDo8ff4O8yVp5Bf0efS8uEoYo5q4Fx7dY9OgQGXgAsQA=="
    },
    "debug": {
      "version": "4.3.4",
      "resolved": "https://registry.npmjs.org/debug/-/debug-4.3.4.tgz",
      "integrity": "sha512-PRWFHuSU3eDtQJPvnNY7Jcket1j0t5OuOsFzPPzsekD52Zl8qUfFIPEiswXqIvHWGVHOgX+7G/vCNNhehwxfkQ==",
      "requires": {
        "ms": "2.1.2"
      }
    },
    "deep-is": {
      "version": "0.1.4",
      "resolved": "https://registry.npmjs.org/deep-is/-/deep-is-0.1.4.tgz",
      "integrity": "sha512-oIPzksmTg4/MriiaYGO+okXDT7ztn/w3Eptv/+gSIdMdKsJo0u4CfYNFJPy+4SKMuCqGw2wxnA+URMg3t8a/bQ=="
    },
    "detective-amd": {
      "version": "4.0.1",
      "resolved": "https://registry.npmjs.org/detective-amd/-/detective-amd-4.0.1.tgz",
      "integrity": "sha512-bDo22IYbJ8yzALB0Ow5CQLtyhU1BpDksLB9dsWHI9Eh0N3OQR6aQqhjPsNDd69ncYwRfL1sTo7OA9T3VRVSe2Q==",
      "requires": {
        "ast-module-types": "^3.0.0",
        "escodegen": "^2.0.0",
        "get-amd-module-type": "^4.0.0",
        "node-source-walk": "^5.0.0"
      },
      "dependencies": {
        "node-source-walk": {
          "version": "5.0.0",
          "resolved": "https://registry.npmjs.org/node-source-walk/-/node-source-walk-5.0.0.tgz",
          "integrity": "sha512-58APXoMXpmmU+oVBJFajhTCoD8d/OGtngnVAWzIo2A8yn0IXwBzvIVIsTzoie/SrA37u+1hnpNz2HMWx/VIqlw==",
          "requires": {
            "@babel/parser": "^7.0.0"
          }
        }
      }
    },
    "detective-cjs": {
      "version": "4.0.0",
      "resolved": "https://registry.npmjs.org/detective-cjs/-/detective-cjs-4.0.0.tgz",
      "integrity": "sha512-VsD6Yo1+1xgxJWoeDRyut7eqZ8EWaJI70C5eanSAPcBHzenHZx0uhjxaaEfIm0cHII7dBiwU98Orh44bwXN2jg==",
      "requires": {
        "ast-module-types": "^3.0.0",
        "node-source-walk": "^5.0.0"
      },
      "dependencies": {
        "node-source-walk": {
          "version": "5.0.0",
          "resolved": "https://registry.npmjs.org/node-source-walk/-/node-source-walk-5.0.0.tgz",
          "integrity": "sha512-58APXoMXpmmU+oVBJFajhTCoD8d/OGtngnVAWzIo2A8yn0IXwBzvIVIsTzoie/SrA37u+1hnpNz2HMWx/VIqlw==",
          "requires": {
            "@babel/parser": "^7.0.0"
          }
        }
      }
    },
    "detective-es6": {
      "version": "3.0.0",
      "resolved": "https://registry.npmjs.org/detective-es6/-/detective-es6-3.0.0.tgz",
      "integrity": "sha512-Uv2b5Uih7vorYlqGzCX+nTPUb4CMzUAn3VPHTV5p5lBkAN4cAApLGgUz4mZE2sXlBfv4/LMmeP7qzxHV/ZcfWA==",
      "requires": {
        "node-source-walk": "^5.0.0"
      },
      "dependencies": {
        "node-source-walk": {
          "version": "5.0.0",
          "resolved": "https://registry.npmjs.org/node-source-walk/-/node-source-walk-5.0.0.tgz",
          "integrity": "sha512-58APXoMXpmmU+oVBJFajhTCoD8d/OGtngnVAWzIo2A8yn0IXwBzvIVIsTzoie/SrA37u+1hnpNz2HMWx/VIqlw==",
          "requires": {
            "@babel/parser": "^7.0.0"
          }
        }
      }
    },
    "detective-less": {
      "version": "1.0.2",
      "resolved": "https://registry.npmjs.org/detective-less/-/detective-less-1.0.2.tgz",
      "integrity": "sha512-Rps1xDkEEBSq3kLdsdnHZL1x2S4NGDcbrjmd4q+PykK5aJwDdP5MBgrJw1Xo+kyUHuv3JEzPqxr+Dj9ryeDRTA==",
      "requires": {
        "debug": "^4.0.0",
        "gonzales-pe": "^4.2.3",
        "node-source-walk": "^4.0.0"
      }
    },
    "detective-postcss": {
      "version": "6.0.1",
      "resolved": "https://registry.npmjs.org/detective-postcss/-/detective-postcss-6.0.1.tgz",
      "integrity": "sha512-KJu6te+ah3E07uX0ihVUd7buT2H3nDg8ycprsv1MpN++a0057jiMkmDSqkgbztqnUbhKsSkeWwJ6L2GmnbIQsg==",
      "requires": {
        "is-url": "^1.2.4",
        "postcss": "^8.4.6",
        "postcss-values-parser": "^6.0.2"
      }
    },
    "detective-sass": {
      "version": "4.0.1",
      "resolved": "https://registry.npmjs.org/detective-sass/-/detective-sass-4.0.1.tgz",
      "integrity": "sha512-80zfpxux1krOrkxCHbtwvIs2gNHUBScnSqlGl0FvUuHVz8HD6vD2ov66OroMctyvzhM67fxhuEeVjIk18s6yTQ==",
      "requires": {
        "gonzales-pe": "^4.3.0",
        "node-source-walk": "^5.0.0"
      },
      "dependencies": {
        "node-source-walk": {
          "version": "5.0.0",
          "resolved": "https://registry.npmjs.org/node-source-walk/-/node-source-walk-5.0.0.tgz",
          "integrity": "sha512-58APXoMXpmmU+oVBJFajhTCoD8d/OGtngnVAWzIo2A8yn0IXwBzvIVIsTzoie/SrA37u+1hnpNz2HMWx/VIqlw==",
          "requires": {
            "@babel/parser": "^7.0.0"
          }
        }
      }
    },
    "detective-scss": {
      "version": "3.0.0",
      "resolved": "https://registry.npmjs.org/detective-scss/-/detective-scss-3.0.0.tgz",
      "integrity": "sha512-37MB/mhJyS45ngqfzd6eTbuLMoDgdZnH03ZOMW2m9WqJ/Rlbuc8kZAr0Ypovaf1DJiTRzy5mmxzOTja85jbzlA==",
      "requires": {
        "gonzales-pe": "^4.3.0",
        "node-source-walk": "^5.0.0"
      },
      "dependencies": {
        "node-source-walk": {
          "version": "5.0.0",
          "resolved": "https://registry.npmjs.org/node-source-walk/-/node-source-walk-5.0.0.tgz",
          "integrity": "sha512-58APXoMXpmmU+oVBJFajhTCoD8d/OGtngnVAWzIo2A8yn0IXwBzvIVIsTzoie/SrA37u+1hnpNz2HMWx/VIqlw==",
          "requires": {
            "@babel/parser": "^7.0.0"
          }
        }
      }
    },
    "detective-stylus": {
      "version": "2.0.1",
      "resolved": "https://registry.npmjs.org/detective-stylus/-/detective-stylus-2.0.1.tgz",
      "integrity": "sha512-/Tvs1pWLg8eYwwV6kZQY5IslGaYqc/GACxjcaGudiNtN5nKCH6o2WnJK3j0gA3huCnoQcbv8X7oz/c1lnvE3zQ=="
    },
    "detective-typescript": {
      "version": "9.0.0",
      "resolved": "https://registry.npmjs.org/detective-typescript/-/detective-typescript-9.0.0.tgz",
      "integrity": "sha512-lR78AugfUSBojwlSRZBeEqQ1l8LI7rbxOl1qTUnGLcjZQDjZmrZCb7R46rK8U8B5WzFvJrxa7fEBA8FoD/n5fA==",
      "requires": {
        "@typescript-eslint/typescript-estree": "^5.13.0",
        "ast-module-types": "^3.0.0",
        "node-source-walk": "^5.0.0",
        "typescript": "^4.5.5"
      },
      "dependencies": {
        "node-source-walk": {
          "version": "5.0.0",
          "resolved": "https://registry.npmjs.org/node-source-walk/-/node-source-walk-5.0.0.tgz",
          "integrity": "sha512-58APXoMXpmmU+oVBJFajhTCoD8d/OGtngnVAWzIo2A8yn0IXwBzvIVIsTzoie/SrA37u+1hnpNz2HMWx/VIqlw==",
          "requires": {
            "@babel/parser": "^7.0.0"
          }
        },
        "typescript": {
          "version": "4.6.2",
          "resolved": "https://registry.npmjs.org/typescript/-/typescript-4.6.2.tgz",
          "integrity": "sha512-HM/hFigTBHZhLXshn9sN37H085+hQGeJHJ/X7LpBWLID/fbc2acUMfU+lGD98X81sKP+pFa9f0DZmCwB9GnbAg=="
        }
      }
    },
    "dir-glob": {
      "version": "3.0.1",
      "resolved": "https://registry.npmjs.org/dir-glob/-/dir-glob-3.0.1.tgz",
      "integrity": "sha512-WkrWp9GR4KXfKGYzOLmTuGVi1UWFfws377n9cc55/tb6DuqyF6pcQ5AbiHEshaDpY9v6oaSr2XCDidGmMwdzIA==",
      "requires": {
        "path-type": "^4.0.0"
      }
    },
    "escodegen": {
      "version": "2.0.0",
      "resolved": "https://registry.npmjs.org/escodegen/-/escodegen-2.0.0.tgz",
      "integrity": "sha512-mmHKys/C8BFUGI+MAWNcSYoORYLMdPzjrknd2Vc+bUsjN5bXcr8EhrNB+UTqfL1y3I9c4fw2ihgtMPQLBRiQxw==",
      "requires": {
        "esprima": "^4.0.1",
        "estraverse": "^5.2.0",
        "esutils": "^2.0.2",
        "optionator": "^0.8.1",
        "source-map": "~0.6.1"
      }
    },
    "eslint-visitor-keys": {
      "version": "3.3.0",
      "resolved": "https://registry.npmjs.org/eslint-visitor-keys/-/eslint-visitor-keys-3.3.0.tgz",
      "integrity": "sha512-mQ+suqKJVyeuwGYHAdjMFqjCyfl8+Ldnxuyp3ldiMBFKkvytrXUZWaiPCEav8qDHKty44bD+qV1IP4T+w+xXRA=="
    },
    "esprima": {
      "version": "4.0.1",
      "resolved": "https://registry.npmjs.org/esprima/-/esprima-4.0.1.tgz",
      "integrity": "sha512-eGuFFw7Upda+g4p+QHvnW0RyTX/SVeJBDM/gCtMARO0cLuT2HcEKnTPvhjV6aGeqrCB/sbNop0Kszm0jsaWU4A=="
    },
    "estraverse": {
      "version": "5.3.0",
      "resolved": "https://registry.npmjs.org/estraverse/-/estraverse-5.3.0.tgz",
      "integrity": "sha512-MMdARuVEQziNTeJD8DgMqmhwR11BRQ/cBP+pLtYdSTnf3MIO8fFeiINEbX36ZdNlfU/7A9f3gUw49B3oQsvwBA=="
    },
    "esutils": {
      "version": "2.0.3",
      "resolved": "https://registry.npmjs.org/esutils/-/esutils-2.0.3.tgz",
      "integrity": "sha512-kVscqXk4OCp68SZ0dkgEKVi6/8ij300KBWTJq32P/dYeWTSwK41WyTxalN1eRmA5Z9UU/LX9D7FWSmV9SAYx6g=="
    },
    "fast-glob": {
      "version": "3.2.11",
      "resolved": "https://registry.npmjs.org/fast-glob/-/fast-glob-3.2.11.tgz",
      "integrity": "sha512-xrO3+1bxSo3ZVHAnqzyuewYT6aMFHRAd4Kcs92MAonjwQZLsK9d0SF1IyQ3k5PoirxTW0Oe/RqFgMQ6TcNE5Ew==",
      "requires": {
        "@nodelib/fs.stat": "^2.0.2",
        "@nodelib/fs.walk": "^1.2.3",
        "glob-parent": "^5.1.2",
        "merge2": "^1.3.0",
        "micromatch": "^4.0.4"
      }
    },
    "fast-levenshtein": {
      "version": "2.0.6",
      "resolved": "https://registry.npmjs.org/fast-levenshtein/-/fast-levenshtein-2.0.6.tgz",
      "integrity": "sha1-PYpcZog6FqMMqGQ+hR8Zuqd5eRc="
    },
    "fastq": {
      "version": "1.13.0",
      "resolved": "https://registry.npmjs.org/fastq/-/fastq-1.13.0.tgz",
      "integrity": "sha512-YpkpUnK8od0o1hmeSc7UUs/eB/vIPWJYjKck2QKIzAf71Vm1AAQ3EbuZB3g2JIy+pg+ERD0vqI79KyZiB2e2Nw==",
      "requires": {
        "reusify": "^1.0.4"
      }
    },
    "fill-range": {
      "version": "7.0.1",
      "resolved": "https://registry.npmjs.org/fill-range/-/fill-range-7.0.1.tgz",
      "integrity": "sha512-qOo9F+dMUmC2Lcb4BbVvnKJxTPjCm+RRpe4gDuGrzkL7mEVl/djYSu2OdQ2Pa302N4oqkSg9ir6jaLWJ2USVpQ==",
      "requires": {
        "to-regex-range": "^5.0.1"
      }
    },
    "get-amd-module-type": {
      "version": "4.0.0",
      "resolved": "https://registry.npmjs.org/get-amd-module-type/-/get-amd-module-type-4.0.0.tgz",
      "integrity": "sha512-GbBawUCuA2tY8ztiMiVo3e3P95gc2TVrfYFfpUHdHQA8WyxMCckK29bQsVKhYX8SUf+w6JLhL2LG8tSC0ANt9Q==",
      "requires": {
        "ast-module-types": "^3.0.0",
        "node-source-walk": "^5.0.0"
      },
      "dependencies": {
        "node-source-walk": {
          "version": "5.0.0",
          "resolved": "https://registry.npmjs.org/node-source-walk/-/node-source-walk-5.0.0.tgz",
          "integrity": "sha512-58APXoMXpmmU+oVBJFajhTCoD8d/OGtngnVAWzIo2A8yn0IXwBzvIVIsTzoie/SrA37u+1hnpNz2HMWx/VIqlw==",
          "requires": {
            "@babel/parser": "^7.0.0"
          }
        }
      }
    },
    "glob-parent": {
      "version": "5.1.2",
      "resolved": "https://registry.npmjs.org/glob-parent/-/glob-parent-5.1.2.tgz",
      "integrity": "sha512-AOIgSQCepiJYwP3ARnGx+5VnTu2HBYdzbGP45eLw1vr3zB3vZLeyed1sC9hnbcOc9/SrMyM5RPQrkGz4aS9Zow==",
      "requires": {
        "is-glob": "^4.0.1"
      }
    },
    "globby": {
      "version": "11.1.0",
      "resolved": "https://registry.npmjs.org/globby/-/globby-11.1.0.tgz",
      "integrity": "sha512-jhIXaOzy1sb8IyocaruWSn1TjmnBVs8Ayhcy83rmxNJ8q2uWKCAj3CnJY+KpGSXCueAPc0i05kVvVKtP1t9S3g==",
      "requires": {
        "array-union": "^2.1.0",
        "dir-glob": "^3.0.1",
        "fast-glob": "^3.2.9",
        "ignore": "^5.2.0",
        "merge2": "^1.4.1",
        "slash": "^3.0.0"
      }
    },
    "gonzales-pe": {
      "version": "4.3.0",
      "resolved": "https://registry.npmjs.org/gonzales-pe/-/gonzales-pe-4.3.0.tgz",
      "integrity": "sha512-otgSPpUmdWJ43VXyiNgEYE4luzHCL2pz4wQ0OnDluC6Eg4Ko3Vexy/SrSynglw/eR+OhkzmqFCZa/OFa/RgAOQ==",
      "requires": {
        "minimist": "^1.2.5"
      }
    },
    "ignore": {
      "version": "5.2.0",
      "resolved": "https://registry.npmjs.org/ignore/-/ignore-5.2.0.tgz",
      "integrity": "sha512-CmxgYGiEPCLhfLnpPp1MoRmifwEIOgjcHXxOBjv7mY96c+eWScsOP9c112ZyLdWHi0FxHjI+4uVhKYp/gcdRmQ=="
    },
    "is-extglob": {
      "version": "2.1.1",
      "resolved": "https://registry.npmjs.org/is-extglob/-/is-extglob-2.1.1.tgz",
      "integrity": "sha1-qIwCU1eR8C7TfHahueqXc8gz+MI="
    },
    "is-glob": {
      "version": "4.0.3",
      "resolved": "https://registry.npmjs.org/is-glob/-/is-glob-4.0.3.tgz",
      "integrity": "sha512-xelSayHH36ZgE7ZWhli7pW34hNbNl8Ojv5KVmkJD4hBdD3th8Tfk9vYasLM+mXWOZhFkgZfxhLSnrwRr4elSSg==",
      "requires": {
        "is-extglob": "^2.1.1"
      }
    },
    "is-number": {
      "version": "7.0.0",
      "resolved": "https://registry.npmjs.org/is-number/-/is-number-7.0.0.tgz",
      "integrity": "sha512-41Cifkg6e8TylSpdtTpeLVMqvSBEVzTttHvERD741+pnZ8ANv0004MRL43QKPDlK9cGvNp6NZWZUBlbGXYxxng=="
    },
    "is-url": {
      "version": "1.2.4",
      "resolved": "https://registry.npmjs.org/is-url/-/is-url-1.2.4.tgz",
      "integrity": "sha512-ITvGim8FhRiYe4IQ5uHSkj7pVaPDrCTkNd3yq3cV7iZAcJdHTUMPMEHcqSOy9xZ9qFenQCvi+2wjH9a1nXqHww=="
    },
    "is-url-superb": {
      "version": "4.0.0",
      "resolved": "https://registry.npmjs.org/is-url-superb/-/is-url-superb-4.0.0.tgz",
      "integrity": "sha512-GI+WjezhPPcbM+tqE9LnmsY5qqjwHzTvjJ36wxYX5ujNXefSUJ/T17r5bqDV8yLhcgB59KTPNOc9O9cmHTPWsA=="
    },
    "levn": {
      "version": "0.3.0",
      "resolved": "https://registry.npmjs.org/levn/-/levn-0.3.0.tgz",
      "integrity": "sha1-OwmSTt+fCDwEkP3UwLxEIeBHZO4=",
      "requires": {
        "prelude-ls": "~1.1.2",
        "type-check": "~0.3.2"
      }
    },
    "lru-cache": {
      "version": "6.0.0",
      "resolved": "https://registry.npmjs.org/lru-cache/-/lru-cache-6.0.0.tgz",
      "integrity": "sha512-Jo6dJ04CmSjuznwJSS3pUeWmd/H0ffTlkXXgwZi+eq1UCmqQwCh+eLsYOYCwY991i2Fah4h1BEMCx4qThGbsiA==",
      "requires": {
        "yallist": "^4.0.0"
      }
    },
    "merge2": {
      "version": "1.4.1",
      "resolved": "https://registry.npmjs.org/merge2/-/merge2-1.4.1.tgz",
      "integrity": "sha512-8q7VEgMJW4J8tcfVPy8g09NcQwZdbwFEqhe/WZkoIzjn/3TGDwtOCYtXGxA3O8tPzpczCCDgv+P2P5y00ZJOOg=="
    },
    "micromatch": {
      "version": "4.0.4",
      "resolved": "https://registry.npmjs.org/micromatch/-/micromatch-4.0.4.tgz",
      "integrity": "sha512-pRmzw/XUcwXGpD9aI9q/0XOwLNygjETJ8y0ao0wdqprrzDa4YnxLcz7fQRZr8voh8V10kGhABbNcHVk5wHgWwg==",
      "requires": {
        "braces": "^3.0.1",
        "picomatch": "^2.2.3"
      }
    },
    "minimist": {
      "version": "1.2.5",
      "resolved": "https://registry.npmjs.org/minimist/-/minimist-1.2.5.tgz",
      "integrity": "sha512-FM9nNUYrRBAELZQT3xeZQ7fmMOBg6nWNmJKTcgsJeaLstP/UODVpGsr5OhXhhXg6f+qtJ8uiZ+PUxkDWcgIXLw=="
    },
    "ms": {
      "version": "2.1.2",
      "resolved": "https://registry.npmjs.org/ms/-/ms-2.1.2.tgz",
      "integrity": "sha512-sGkPx+VjMtmA6MX27oA4FBFELFCZZ4S4XqeGOXCv68tT+jb3vk/RyaKWP0PTKyWtmLSM0b+adUTEvbs1PEaH2w=="
    },
    "nanoid": {
      "version": "3.3.1",
      "resolved": "https://registry.npmjs.org/nanoid/-/nanoid-3.3.1.tgz",
      "integrity": "sha512-n6Vs/3KGyxPQd6uO0eH4Bv0ojGSUvuLlIHtC3Y0kEO23YRge8H9x1GCzLn28YX0H66pMkxuaeESFq4tKISKwdw=="
    },
    "node-source-walk": {
      "version": "4.3.0",
      "resolved": "https://registry.npmjs.org/node-source-walk/-/node-source-walk-4.3.0.tgz",
      "integrity": "sha512-8Q1hXew6ETzqKRAs3jjLioSxNfT1cx74ooiF8RlAONwVMcfq+UdzLC2eB5qcPldUxaE5w3ytLkrmV1TGddhZTA==",
      "requires": {
        "@babel/parser": "^7.0.0"
      }
    },
    "optionator": {
      "version": "0.8.3",
      "resolved": "https://registry.npmjs.org/optionator/-/optionator-0.8.3.tgz",
      "integrity": "sha512-+IW9pACdk3XWmmTXG8m3upGUJst5XRGzxMRjXzAuJ1XnIFNvfhjjIuYkDvysnPQ7qzqVzLt78BCruntqRhWQbA==",
      "requires": {
        "deep-is": "~0.1.3",
        "fast-levenshtein": "~2.0.6",
        "levn": "~0.3.0",
        "prelude-ls": "~1.1.2",
        "type-check": "~0.3.2",
        "word-wrap": "~1.2.3"
      }
    },
    "path-type": {
      "version": "4.0.0",
      "resolved": "https://registry.npmjs.org/path-type/-/path-type-4.0.0.tgz",
      "integrity": "sha512-gDKb8aZMDeD/tZWs9P6+q0J9Mwkdl6xMV8TjnGP3qJVJ06bdMgkbBlLU8IdfOsIsFz2BW1rNVT3XuNEl8zPAvw=="
    },
    "picocolors": {
      "version": "1.0.0",
      "resolved": "https://registry.npmjs.org/picocolors/-/picocolors-1.0.0.tgz",
      "integrity": "sha512-1fygroTLlHu66zi26VoTDv8yRgm0Fccecssto+MhsZ0D/DGW2sm8E8AjW7NU5VVTRt5GxbeZ5qBuJr+HyLYkjQ=="
    },
    "picomatch": {
      "version": "2.3.1",
      "resolved": "https://registry.npmjs.org/picomatch/-/picomatch-2.3.1.tgz",
      "integrity": "sha512-JU3teHTNjmE2VCGFzuY8EXzCDVwEqB2a8fsIvwaStHhAWJEeVd1o1QD80CU6+ZdEXXSLbSsuLwJjkCBWqRQUVA=="
    },
    "postcss": {
      "version": "8.4.12",
      "resolved": "https://registry.npmjs.org/postcss/-/postcss-8.4.12.tgz",
      "integrity": "sha512-lg6eITwYe9v6Hr5CncVbK70SoioNQIq81nsaG86ev5hAidQvmOeETBqs7jm43K2F5/Ley3ytDtriImV6TpNiSg==",
      "requires": {
        "nanoid": "^3.3.1",
        "picocolors": "^1.0.0",
        "source-map-js": "^1.0.2"
      }
    },
    "postcss-values-parser": {
      "version": "6.0.2",
      "resolved": "https://registry.npmjs.org/postcss-values-parser/-/postcss-values-parser-6.0.2.tgz",
      "integrity": "sha512-YLJpK0N1brcNJrs9WatuJFtHaV9q5aAOj+S4DI5S7jgHlRfm0PIbDCAFRYMQD5SHq7Fy6xsDhyutgS0QOAs0qw==",
      "requires": {
        "color-name": "^1.1.4",
        "is-url-superb": "^4.0.0",
        "quote-unquote": "^1.0.0"
      }
    },
    "precinct": {
      "version": "9.0.0",
      "resolved": "https://registry.npmjs.org/precinct/-/precinct-9.0.0.tgz",
      "integrity": "sha512-Fe1llBR4G+T/rc2vS3nGSv8IP17Y71CienBTLW8wEW0YlrtyPyIKZyVhUB/75/2ITIKfs9SEthxqjOH+cGDjEw==",
      "requires": {
        "commander": "^9.1.0",
        "detective-amd": "^4.0.1",
        "detective-cjs": "^4.0.0",
        "detective-es6": "^3.0.0",
        "detective-less": "^1.0.2",
        "detective-postcss": "^6.0.1",
        "detective-sass": "^4.0.1",
        "detective-scss": "^3.0.0",
        "detective-stylus": "^2.0.0",
        "detective-typescript": "^9.0.0",
        "module-definition": "^4.0.0",
        "node-source-walk": "^5.0.0"
      },
      "dependencies": {
        "commander": {
          "version": "9.1.0",
          "resolved": "https://registry.npmjs.org/commander/-/commander-9.1.0.tgz",
          "integrity": "sha512-i0/MaqBtdbnJ4XQs4Pmyb+oFQl+q0lsAmokVUH92SlSw4fkeAcG3bVon+Qt7hmtF+u3Het6o4VgrcY3qAoEB6w=="
        },
        "module-definition": {
          "version": "4.0.0",
          "resolved": "https://registry.npmjs.org/module-definition/-/module-definition-4.0.0.tgz",
          "integrity": "sha512-wntiAHV4lDn24BQn2kX6LKq0y85phHLHiv3aOPDF+lIs06kVjEMTe/ZTdrbVLnQV5FQsjik21taknvMhKY1Cug==",
          "requires": {
            "ast-module-types": "^3.0.0",
            "node-source-walk": "^5.0.0"
          }
        },
        "node-source-walk": {
          "version": "5.0.0",
          "resolved": "https://registry.npmjs.org/node-source-walk/-/node-source-walk-5.0.0.tgz",
          "integrity": "sha512-58APXoMXpmmU+oVBJFajhTCoD8d/OGtngnVAWzIo2A8yn0IXwBzvIVIsTzoie/SrA37u+1hnpNz2HMWx/VIqlw==",
          "requires": {
            "@babel/parser": "^7.0.0"
          }
        }
      }
    },
    "prelude-ls": {
      "version": "1.1.2",
      "resolved": "https://registry.npmjs.org/prelude-ls/-/prelude-ls-1.1.2.tgz",
      "integrity": "sha1-IZMqVJ9eUv/ZqCf1cOBL5iqX2lQ="
    },
    "queue-microtask": {
      "version": "1.2.3",
      "resolved": "https://registry.npmjs.org/queue-microtask/-/queue-microtask-1.2.3.tgz",
      "integrity": "sha512-NuaNSa6flKT5JaSYQzJok04JzTL1CA6aGhv5rfLW3PgqA+M2ChpZQnAC8h8i4ZFkBS8X5RqkDBHA7r4hej3K9A=="
    },
    "quote-unquote": {
      "version": "1.0.0",
      "resolved": "https://registry.npmjs.org/quote-unquote/-/quote-unquote-1.0.0.tgz",
      "integrity": "sha1-Z6mncUjv/q+BpNQoQEpxC6qsigs="
    },
    "reusify": {
      "version": "1.0.4",
      "resolved": "https://registry.npmjs.org/reusify/-/reusify-1.0.4.tgz",
      "integrity": "sha512-U9nH88a3fc/ekCF1l0/UP1IosiuIjyTh7hBvXVMHYgVcfGvt897Xguj2UOLDeI5BG2m7/uwyaLVT6fbtCwTyzw=="
    },
    "run-parallel": {
      "version": "1.2.0",
      "resolved": "https://registry.npmjs.org/run-parallel/-/run-parallel-1.2.0.tgz",
      "integrity": "sha512-5l4VyZR86LZ/lDxZTR6jqL8AFE2S0IFLMP26AbjsLVADxHdhB/c0GUsH+y39UfCi3dzz8OlQuPmnaJOMoDHQBA==",
      "requires": {
        "queue-microtask": "^1.2.2"
      }
    },
    "semver": {
      "version": "7.3.5",
      "resolved": "https://registry.npmjs.org/semver/-/semver-7.3.5.tgz",
      "integrity": "sha512-PoeGJYh8HK4BTO/a9Tf6ZG3veo/A7ZVsYrSA6J8ny9nb3B1VrpkuN+z9OE5wfE5p6H4LchYZsegiQgbJD94ZFQ==",
      "requires": {
        "lru-cache": "^6.0.0"
      }
    },
    "slash": {
      "version": "3.0.0",
      "resolved": "https://registry.npmjs.org/slash/-/slash-3.0.0.tgz",
      "integrity": "sha512-g9Q1haeby36OSStwb4ntCGGGaKsaVSjQ68fBxoQcutl5fS1vuY18H3wSt3jFyFtrkx+Kz0V1G85A4MyAdDMi2Q=="
    },
    "source-map": {
      "version": "0.6.1",
      "resolved": "https://registry.npmjs.org/source-map/-/source-map-0.6.1.tgz",
      "integrity": "sha512-UjgapumWlbMhkBgzT7Ykc5YXUT46F0iKu8SGXq0bcwP5dz/h0Plj6enJqjz1Zbq2l5WaqYnrVbwWOWMyF3F47g==",
      "optional": true
    },
    "source-map-js": {
      "version": "1.0.2",
      "resolved": "https://registry.npmjs.org/source-map-js/-/source-map-js-1.0.2.tgz",
      "integrity": "sha512-R0XvVJ9WusLiqTCEiGCmICCMplcCkIwwR11mOSD9CR5u+IXYdiseeEuXCVAjS54zqwkLcPNnmU4OeJ6tUrWhDw=="
    },
    "to-regex-range": {
      "version": "5.0.1",
      "resolved": "https://registry.npmjs.org/to-regex-range/-/to-regex-range-5.0.1.tgz",
      "integrity": "sha512-65P7iz6X5yEr1cwcgvQxbbIw7Uk3gOy5dIdtZ4rDveLqhrdJP+Li/Hx6tyK0NEb+2GCyneCMJiGqrADCSNk8sQ==",
      "requires": {
        "is-number": "^7.0.0"
      }
    },
    "tslib": {
      "version": "1.14.1",
      "resolved": "https://registry.npmjs.org/tslib/-/tslib-1.14.1.tgz",
      "integrity": "sha512-Xni35NKzjgMrwevysHTCArtLDpPvye8zV/0E4EyYn43P7/7qvQwPh9BGkHewbMulVntbigmcT7rdX3BNo9wRJg=="
    },
    "tsutils": {
      "version": "3.21.0",
      "resolved": "https://registry.npmjs.org/tsutils/-/tsutils-3.21.0.tgz",
      "integrity": "sha512-mHKK3iUXL+3UF6xL5k0PEhKRUBKPBCv/+RkEOpjRWxxx27KKRBmmA60A9pgOUvMi8GKhRMPEmjBRPzs2W7O1OA==",
      "requires": {
        "tslib": "^1.8.1"
      }
    },
    "type-check": {
      "version": "0.3.2",
      "resolved": "https://registry.npmjs.org/type-check/-/type-check-0.3.2.tgz",
      "integrity": "sha1-WITKtRLPHTVeP7eE8wgEsrUg23I=",
      "requires": {
        "prelude-ls": "~1.1.2"
      }
    },
    "word-wrap": {
      "version": "1.2.3",
      "resolved": "https://registry.npmjs.org/word-wrap/-/word-wrap-1.2.3.tgz",
      "integrity": "sha512-Hz/mrNwitNRh/HUAtM/VT/5VH+ygD6DV7mYKZAtHOrbs8U7lvPS6xf7EJKMF0uW1KJCl0H701g3ZGus+muE5vQ=="
    },
    "yallist": {
      "version": "4.0.0",
      "resolved": "https://registry.npmjs.org/yallist/-/yallist-4.0.0.tgz",
      "integrity": "sha512-3wdGidZyq5PB084XLES5TpOSRA3wjXAlIWMhum2kRcv/41Sn2emQ0dycQW4uZXLejwKvg6EsvbdlVL+FYEct7A=="
    }
  }
}
